SITE
  remote: http://community.opscode.com/api/v1
  specs:
    apt (1.9.2)
    chef_gem (0.1.0)

GIT
  remote: https://github.com/fnichol/chef-rvm
  ref: master
  sha: 7038fb8c518d0d7785767de215b1ae463f237973
  specs:
    rvm (0.9.1)
      chef_gem (>= 0.0.0)

DEPENDENCIES
  apt (= 1.9.2)
  rvm (>= 0)

